// !$*UTF8*$!
{
	archiveVersion = 1;
	classes = {};
	objectVersion = 56;
	objects = {
/* Begin PBXBuildFile section */
		A10000000000000000000001 /* ColiDevApp.swift in Sources */ = {isa = PBXBuildFile; fileRef = A20000000000000000000001 /* ColiDevApp.swift */; };
		A10000000000000000000002 /* AppModels.swift in Sources */ = {isa = PBXBuildFile; fileRef = A20000000000000000000002 /* AppModels.swift */; };
		A10000000000000000000003 /* L10n.swift in Sources */ = {isa = PBXBuildFile; fileRef = A20000000000000000000003 /* L10n.swift */; };
		A10000000000000000000004 /* ContentView.swift in Sources */ = {isa = PBXBuildFile; fileRef = A20000000000000000000004 /* ContentView.swift */; };
		A10000000000000000000005 /* LearningViews.swift in Sources */ = {isa = PBXBuildFile; fileRef = A20000000000000000000005 /* LearningViews.swift */; };
		A10000000000000000000006 /* CurriculumCatalog.swift in Sources */ = {isa = PBXBuildFile; fileRef = A20000000000000000000006 /* CurriculumCatalog.swift */; };
		A10000000000000000000007 /* 02_Areas in Resources */ = {isa = PBXBuildFile; fileRef = A20000000000000000000007 /* 02_Areas */; };
		A10000000000000000000008 /* ForceMotion.swift in Sources */ = {isa = PBXBuildFile; fileRef = A20000000000000000000008 /* ForceMotion.swift */; };
		A10000000000000000000009 /* LinearEquation.swift in Sources */ = {isa = PBXBuildFile; fileRef = A20000000000000000000009 /* LinearEquation.swift */; };
		A10000000000000000000010 /* BiologyInvestigation.swift in Sources */ = {isa = PBXBuildFile; fileRef = A20000000000000000000010 /* BiologyInvestigation.swift */; };
		A10000000000000000000011 /* EnglishLearningModels.swift in Sources */ = {isa = PBXBuildFile; fileRef = A20000000000000000000011 /* EnglishLearningModels.swift */; };
		A10000000000000000000012 /* SafeWebReferenceURL.swift in Sources */ = {isa = PBXBuildFile; fileRef = A20000000000000000000012 /* SafeWebReferenceURL.swift */; };
		A10000000000000000000013 /* PercentRepresentation.swift in Sources */ = {isa = PBXBuildFile; fileRef = A20000000000000000000013 /* PercentRepresentation.swift */; };
		A10000000000000000000014 /* LoopTrace.swift in Sources */ = {isa = PBXBuildFile; fileRef = A20000000000000000000014 /* LoopTrace.swift */; };
		A10000000000000000000015 /* FileReadingPractice.swift in Sources */ = {isa = PBXBuildFile; fileRef = A20000000000000000000015 /* FileReadingPractice.swift */; };
		A10000000000000000000016 /* GeometryMeasure.swift in Sources */ = {isa = PBXBuildFile; fileRef = A20000000000000000000016 /* GeometryMeasure.swift */; };
		A10000000000000000000017 /* DebuggingPractice.swift in Sources */ = {isa = PBXBuildFile; fileRef = A20000000000000000000017 /* DebuggingPractice.swift */; };
		A10000000000000000000018 /* TransactionPractice.swift in Sources */ = {isa = PBXBuildFile; fileRef = A20000000000000000000018 /* TransactionPractice.swift */; };
		A10000000000000000000019 /* RationalExpression.swift in Sources */ = {isa = PBXBuildFile; fileRef = A20000000000000000000019 /* RationalExpression.swift */; };
		A10000000000000000000020 /* AlgorithmComplexity.swift in Sources */ = {isa = PBXBuildFile; fileRef = A20000000000000000000020 /* AlgorithmComplexity.swift */; };
		A10000000000000000000021 /* LinearSystemPractice.swift in Sources */ = {isa = PBXBuildFile; fileRef = A20000000000000000000021 /* LinearSystemPractice.swift */; };
		A10000000000000000000022 /* GeneExpression.swift in Sources */ = {isa = PBXBuildFile; fileRef = A20000000000000000000022 /* GeneExpression.swift */; };
		A10000000000000000000023 /* CellCyclePractice.swift in Sources */ = {isa = PBXBuildFile; fileRef = A20000000000000000000023 /* CellCyclePractice.swift */; };
		A10000000000000000000024 /* AnimalFunctionPractice.swift in Sources */ = {isa = PBXBuildFile; fileRef = A20000000000000000000024 /* AnimalFunctionPractice.swift */; };
		A10000000000000000000025 /* VectorKinematics.swift in Sources */ = {isa = PBXBuildFile; fileRef = A20000000000000000000025 /* VectorKinematics.swift */; };
/* End PBXBuildFile section */

/* Begin PBXFileReference section */
		A20000000000000000000001 /* ColiDevApp.swift */ = {isa = PBXFileReference; lastKnownFileType = sourcecode.swift; path = ColiDevApp.swift; sourceTree = "<group>"; };
		A20000000000000000000002 /* AppModels.swift */ = {isa = PBXFileReference; lastKnownFileType = sourcecode.swift; path = AppModels.swift; sourceTree = "<group>"; };
		A20000000000000000000003 /* L10n.swift */ = {isa = PBXFileReference; lastKnownFileType = sourcecode.swift; path = L10n.swift; sourceTree = "<group>"; };
		A20000000000000000000004 /* ContentView.swift */ = {isa = PBXFileReference; lastKnownFileType = sourcecode.swift; path = ContentView.swift; sourceTree = "<group>"; };
		A20000000000000000000005 /* LearningViews.swift */ = {isa = PBXFileReference; lastKnownFileType = sourcecode.swift; path = LearningViews.swift; sourceTree = "<group>"; };
		A20000000000000000000006 /* CurriculumCatalog.swift */ = {isa = PBXFileReference; lastKnownFileType = sourcecode.swift; path = CurriculumCatalog.swift; sourceTree = "<group>"; };
		A20000000000000000000007 /* 02_Areas */ = {isa = PBXFileReference; lastKnownFileType = folder; name = 02_Areas; path = ../../02_Areas; sourceTree = "<group>"; };
		A30000000000000000000001 /* ColiDev.app */ = {isa = PBXFileReference; explicitFileType = wrapper.application; includeInIndex = 0; path = ColiDev.app; sourceTree = BUILT_PRODUCTS_DIR; };
		A20000000000000000000008 /* ForceMotion.swift */ = {isa = PBXFileReference; lastKnownFileType = sourcecode.swift; path = ForceMotion.swift; sourceTree = "<group>"; };
		A20000000000000000000009 /* LinearEquation.swift */ = {isa = PBXFileReference; lastKnownFileType = sourcecode.swift; path = LinearEquation.swift; sourceTree = "<group>"; };
		A20000000000000000000010 /* BiologyInvestigation.swift */ = {isa = PBXFileReference; lastKnownFileType = sourcecode.swift; path = BiologyInvestigation.swift; sourceTree = "<group>"; };
		A20000000000000000000011 /* EnglishLearningModels.swift */ = {isa = PBXFileReference; lastKnownFileType = sourcecode.swift; path = EnglishLearningModels.swift; sourceTree = "<group>"; };
		A20000000000000000000012 /* SafeWebReferenceURL.swift */ = {isa = PBXFileReference; lastKnownFileType = sourcecode.swift; path = SafeWebReferenceURL.swift; sourceTree = "<group>"; };
		A20000000000000000000013 /* PercentRepresentation.swift */ = {isa = PBXFileReference; lastKnownFileType = sourcecode.swift; path = PercentRepresentation.swift; sourceTree = "<group>"; };
		A20000000000000000000014 /* LoopTrace.swift */ = {isa = PBXFileReference; lastKnownFileType = sourcecode.swift; path = LoopTrace.swift; sourceTree = "<group>"; };
		A20000000000000000000015 /* FileReadingPractice.swift */ = {isa = PBXFileReference; lastKnownFileType = sourcecode.swift; path = FileReadingPractice.swift; sourceTree = "<group>"; };
		A20000000000000000000016 /* GeometryMeasure.swift */ = {isa = PBXFileReference; lastKnownFileType = sourcecode.swift; path = GeometryMeasure.swift; sourceTree = "<group>"; };
		A20000000000000000000017 /* DebuggingPractice.swift */ = {isa = PBXFileReference; lastKnownFileType = sourcecode.swift; path = DebuggingPractice.swift; sourceTree = "<group>"; };
		A20000000000000000000018 /* TransactionPractice.swift */ = {isa = PBXFileReference; lastKnownFileType = sourcecode.swift; path = TransactionPractice.swift; sourceTree = "<group>"; };
		A20000000000000000000019 /* RationalExpression.swift */ = {isa = PBXFileReference; lastKnownFileType = sourcecode.swift; path = RationalExpression.swift; sourceTree = "<group>"; };
		A20000000000000000000020 /* AlgorithmComplexity.swift */ = {isa = PBXFileReference; lastKnownFileType = sourcecode.swift; path = AlgorithmComplexity.swift; sourceTree = "<group>"; };
		A20000000000000000000021 /* LinearSystemPractice.swift */ = {isa = PBXFileReference; lastKnownFileType = sourcecode.swift; path = LinearSystemPractice.swift; sourceTree = "<group>"; };
		A20000000000000000000022 /* GeneExpression.swift */ = {isa = PBXFileReference; lastKnownFileType = sourcecode.swift; path = GeneExpression.swift; sourceTree = "<group>"; };
		A20000000000000000000023 /* CellCyclePractice.swift */ = {isa = PBXFileReference; lastKnownFileType = sourcecode.swift; path = CellCyclePractice.swift; sourceTree = "<group>"; };
		A20000000000000000000024 /* AnimalFunctionPractice.swift */ = {isa = PBXFileReference; lastKnownFileType = sourcecode.swift; path = AnimalFunctionPractice.swift; sourceTree = "<group>"; };
		A20000000000000000000025 /* VectorKinematics.swift */ = {isa = PBXFileReference; lastKnownFileType = sourcecode.swift; path = VectorKinematics.swift; sourceTree = "<group>"; };
/* End PBXFileReference section */

/* Begin PBXFrameworksBuildPhase section */
		A40000000000000000000001 /* Frameworks */ = {isa = PBXFrameworksBuildPhase; buildActionMask = 2147483647; files = (); runOnlyForDeploymentPostprocessing = 0; };
/* End PBXFrameworksBuildPhase section */

/* Begin PBXGroup section */
		A50000000000000000000001 = {isa = PBXGroup; children = (A50000000000000000000002 /* App */, A20000000000000000000007 /* 02_Areas */, A50000000000000000000003 /* Products */, ); sourceTree = "<group>"; };
		A50000000000000000000002 /* App */ = {isa = PBXGroup; children = (A20000000000000000000001 /* ColiDevApp.swift */, A20000000000000000000002 /* AppModels.swift */, A20000000000000000000003 /* L10n.swift */, A20000000000000000000004 /* ContentView.swift */, A20000000000000000000005 /* LearningViews.swift */, A20000000000000000000006 /* CurriculumCatalog.swift */, A20000000000000000000008 /* ForceMotion.swift */, A20000000000000000000009 /* LinearEquation.swift */, A20000000000000000000010 /* BiologyInvestigation.swift */, A20000000000000000000011 /* EnglishLearningModels.swift */, A20000000000000000000012 /* SafeWebReferenceURL.swift */, A20000000000000000000013 /* PercentRepresentation.swift */, A20000000000000000000014 /* LoopTrace.swift */, A20000000000000000000015 /* FileReadingPractice.swift */, A20000000000000000000016 /* GeometryMeasure.swift */, A20000000000000000000017 /* DebuggingPractice.swift */, A20000000000000000000018 /* TransactionPractice.swift */, A20000000000000000000019 /* RationalExpression.swift */, A20000000000000000000020 /* AlgorithmComplexity.swift */, A20000000000000000000021 /* LinearSystemPractice.swift */, A20000000000000000000022 /* GeneExpression.swift */, A20000000000000000000023 /* CellCyclePractice.swift */, A20000000000000000000024 /* AnimalFunctionPractice.swift */, A20000000000000000000025 /* VectorKinematics.swift */, ); path = App; sourceTree = "<group>"; };
		A50000000000000000000003 /* Products */ = {isa = PBXGroup; children = (A30000000000000000000001 /* ColiDev.app */, ); name = Products; sourceTree = "<group>"; };
/* End PBXGroup section */

/* Begin PBXNativeTarget section */
		A60000000000000000000001 /* ColiDev */ = {isa = PBXNativeTarget; buildConfigurationList = A90000000000000000000002 /* Build configuration list for PBXNativeTarget "ColiDev" */; buildPhases = (A40000000000000000000001 /* Frameworks */, A70000000000000000000001 /* Sources */, A70000000000000000000002 /* Resources */, ); buildRules = (); dependencies = (); name = ColiDev; productName = ColiDev; productReference = A30000000000000000000001 /* ColiDev.app */; productType = "com.apple.product-type.application"; };
/* End PBXNativeTarget section */

/* Begin PBXProject section */
		A80000000000000000000001 /* Project object */ = {isa = PBXProject; attributes = {BuildIndependentTargetsInParallel = 1; LastUpgradeCheck = 1600; }; buildConfigurationList = A90000000000000000000001 /* Build configuration list for PBXProject "ColiDev" */; compatibilityVersion = "Xcode 14.0"; developmentRegion = en; hasScannedForEncodings = 0; knownRegions = (en, ru, Base, ); mainGroup = A50000000000000000000001; productRefGroup = A50000000000000000000003 /* Products */; projectDirPath = ""; projectRoot = ""; targets = (A60000000000000000000001 /* ColiDev */, ); };
/* End PBXProject section */

/* Begin PBXResourcesBuildPhase section */
		A70000000000000000000002 /* Resources */ = {isa = PBXResourcesBuildPhase; buildActionMask = 2147483647; files = (A10000000000000000000007 /* 02_Areas in Resources */, ); runOnlyForDeploymentPostprocessing = 0; };
/* End PBXResourcesBuildPhase section */

/* Begin PBXSourcesBuildPhase section */
		A70000000000000000000001 /* Sources */ = {isa = PBXSourcesBuildPhase; buildActionMask = 2147483647; files = (A10000000000000000000001 /* ColiDevApp.swift in Sources */, A10000000000000000000002 /* AppModels.swift in Sources */, A10000000000000000000003 /* L10n.swift in Sources */, A10000000000000000000004 /* ContentView.swift in Sources */, A10000000000000000000005 /* LearningViews.swift in Sources */, A10000000000000000000006 /* CurriculumCatalog.swift in Sources */, A10000000000000000000008 /* ForceMotion.swift in Sources */, A10000000000000000000009 /* LinearEquation.swift in Sources */, A10000000000000000000010 /* BiologyInvestigation.swift in Sources */, A10000000000000000000011 /* EnglishLearningModels.swift in Sources */, A10000000000000000000012 /* SafeWebReferenceURL.swift in Sources */, A10000000000000000000013 /* PercentRepresentation.swift in Sources */, A10000000000000000000014 /* LoopTrace.swift in Sources */, A10000000000000000000015 /* FileReadingPractice.swift in Sources */, A10000000000000000000016 /* GeometryMeasure.swift in Sources */, A10000000000000000000017 /* DebuggingPractice.swift in Sources */, A10000000000000000000018 /* TransactionPractice.swift in Sources */, A10000000000000000000019 /* RationalExpression.swift in Sources */, A10000000000000000000020 /* AlgorithmComplexity.swift in Sources */, A10000000000000000000021 /* LinearSystemPractice.swift in Sources */, A10000000000000000000022 /* GeneExpression.swift in Sources */, A10000000000000000000023 /* CellCyclePractice.swift in Sources */, A10000000000000000000024 /* AnimalFunctionPractice.swift in Sources */, A10000000000000000000025 /* VectorKinematics.swift in Sources */, ); runOnlyForDeploymentPostprocessing = 0; };
/* End PBXSourcesBuildPhase section */

/* Begin XCBuildConfiguration section */
		AB00000000000000000001 /* Debug */ = {isa = XCBuildConfiguration; buildSettings = {ALWAYS_SEARCH_USER_PATHS = NO; CLANG_ENABLE_MODULES = YES; MACOSX_DEPLOYMENT_TARGET = 13.0; SDKROOT = macosx; SWIFT_VERSION = 5.0; }; name = Debug; };
		AB00000000000000000002 /* Release */ = {isa = XCBuildConfiguration; buildSettings = {ALWAYS_SEARCH_USER_PATHS = NO; CLANG_ENABLE_MODULES = YES; MACOSX_DEPLOYMENT_TARGET = 13.0; SDKROOT = macosx; SWIFT_VERSION = 5.0; }; name = Release; };
		AC00000000000000000001 /* Debug */ = {isa = XCBuildConfiguration; buildSettings = {CODE_SIGN_STYLE = Automatic; ENABLE_PREVIEWS = YES; GENERATE_INFOPLIST_FILE = YES; INFOPLIST_FILE = App/Info.plist; INFOPLIST_KEY_CFBundleDisplayName = ColiDev; INFOPLIST_KEY_LSApplicationCategoryType = "public.app-category.education"; MACOSX_DEPLOYMENT_TARGET = 13.0; PRODUCT_BUNDLE_IDENTIFIER = com.colidev.learningstudio; PRODUCT_NAME = "$(TARGET_NAME)"; SWIFT_EMIT_LOC_STRINGS = YES; SWIFT_VERSION = 5.0; }; name = Debug; };
		AC00000000000000000002 /* Release */ = {isa = XCBuildConfiguration; buildSettings = {CODE_SIGN_STYLE = Automatic; ENABLE_PREVIEWS = YES; GENERATE_INFOPLIST_FILE = YES; INFOPLIST_FILE = App/Info.plist; INFOPLIST_KEY_CFBundleDisplayName = ColiDev; INFOPLIST_KEY_LSApplicationCategoryType = "public.app-category.education"; MACOSX_DEPLOYMENT_TARGET = 13.0; PRODUCT_BUNDLE_IDENTIFIER = com.colidev.learningstudio; PRODUCT_NAME = "$(TARGET_NAME)"; SWIFT_EMIT_LOC_STRINGS = YES; SWIFT_VERSION = 5.0; }; name = Release; };
/* End XCBuildConfiguration section */

/* Begin XCConfigurationList section */
		A90000000000000000000001 /* Build configuration list for PBXProject "ColiDev" */ = {isa = XCConfigurationList; buildConfigurations = (AB00000000000000000001 /* Debug */, AB00000000000000000002 /* Release */, ); defaultConfigurationIsVisible = 0; defaultConfigurationName = Release; };
		A90000000000000000000002 /* Build configuration list for PBXNativeTarget "ColiDev" */ = {isa = XCConfigurationList; buildConfigurations = (AC00000000000000000001 /* Debug */, AC00000000000000000002 /* Release */, ); defaultConfigurationIsVisible = 0; defaultConfigurationName = Release; };
/* End XCConfigurationList section */
	};
	rootObject = A80000000000000000000001 /* Project object */;
}
